
Microsoft Visual Studio Solution File, Format Version 12.00
# Visual Studio Version 17
VisualStudioVersion = 17.11.35208.52
MinimumVisualStudioVersion = 10.0.40219.1
Project("{FAE04EC0-301F-11D3-BF4B-00C04F79EFBC}") = "Reizen", "Reizen\Reizen.csproj", "{D61378BB-42D0-4801-ADB1-F355E542303F}"
EndProject
Global
	GlobalSection(SolutionConfigurationPlatforms) = preSolution
		Debug|Any CPU = Debug|Any CPU
		Release|Any CPU = Release|Any CPU
	EndGlobalSection
	GlobalSection(ProjectConfigurationPlatforms) = postSolution
		{D61378BB-42D0-4801-ADB1-F355E542303F}.Debug|Any CPU.ActiveCfg = Debug|Any CPU
		{D61378BB-42D0-4801-ADB1-F355E542303F}.Debug|Any CPU.Build.0 = Debug|Any CPU
		{D61378BB-42D0-4801-ADB1-F355E542303F}.Release|Any CPU.ActiveCfg = Release|Any CPU
		{D61378BB-42D0-4801-ADB1-F355E542303F}.Release|Any CPU.Build.0 = Release|Any CPU
	EndGlobalSection
	GlobalSection(SolutionProperties) = preSolution
		HideSolutionNode = FALSE
	EndGlobalSection
	GlobalSection(ExtensibilityGlobals) = postSolution
		SolutionGuid = {43D9F799-32E1-4037-90F9-C30F65D2CA83}
	EndGlobalSection
EndGlobal
